
Microsoft Visual Studio Solution File, Format Version 12.00
# Visual Studio 15
VisualStudioVersion = 15.0.26124.0
MinimumVisualStudioVersion = 15.0.26124.0
Project("{2150E333-8FDC-42A3-9474-1A3956D46DE8}") = "src", "src", "{B2708205-8FE1-4AF0-94AB-34CCEEDC8990}"
ProjectSection(SolutionItems) = preProject
	src\Directory.Build.props = src\Directory.Build.props
EndProjectSection
EndProject
Project("{2150E333-8FDC-42A3-9474-1A3956D46DE8}") = "test", "test", "{962B6889-D1BC-43DD-941A-7C77C8630110}"
ProjectSection(SolutionItems) = preProject
	test\Directory.Build.props = test\Directory.Build.props
EndProjectSection
EndProject
Project("{FAE04EC0-301F-11D3-BF4B-00C04F79EFBC}") = "ApolloFederation", "src\ApolloFederation\ApolloFederation.csproj", "{487412E1-5E0C-44EF-B56C-041E5BA90CDA}"
EndProject
Project("{FAE04EC0-301F-11D3-BF4B-00C04F79EFBC}") = "ApolloFederation.Tests", "test\ApolloFederation.Tests\ApolloFederation.Tests.csproj", "{C90C658E-7CBE-4755-A011-68D8871B35AE}"
EndProject
Project("{2150E333-8FDC-42A3-9474-1A3956D46DE8}") = "Solution Items", "Solution Items", "{63B84728-63F5-4DA0-A09F-B6D4C5C341DB}"
	ProjectSection(SolutionItems) = preProject
		Directory.Build.props = Directory.Build.props
	EndProjectSection
EndProject
Global
	GlobalSection(SolutionConfigurationPlatforms) = preSolution
		Debug|Any CPU = Debug|Any CPU
		Release|Any CPU = Release|Any CPU
	EndGlobalSection
	GlobalSection(SolutionProperties) = preSolution
		HideSolutionNode = FALSE
	EndGlobalSection
	GlobalSection(NestedProjects) = preSolution
		{487412E1-5E0C-44EF-B56C-041E5BA90CDA} = {B2708205-8FE1-4AF0-94AB-34CCEEDC8990}
		{C90C658E-7CBE-4755-A011-68D8871B35AE} = {962B6889-D1BC-43DD-941A-7C77C8630110}
	EndGlobalSection
	GlobalSection(ProjectConfigurationPlatforms) = postSolution
		{487412E1-5E0C-44EF-B56C-041E5BA90CDA}.Debug|Any CPU.ActiveCfg = Debug|Any CPU
		{487412E1-5E0C-44EF-B56C-041E5BA90CDA}.Debug|Any CPU.Build.0 = Debug|Any CPU
		{487412E1-5E0C-44EF-B56C-041E5BA90CDA}.Release|Any CPU.ActiveCfg = Release|Any CPU
		{487412E1-5E0C-44EF-B56C-041E5BA90CDA}.Release|Any CPU.Build.0 = Release|Any CPU
		{C90C658E-7CBE-4755-A011-68D8871B35AE}.Debug|Any CPU.ActiveCfg = Debug|Any CPU
		{C90C658E-7CBE-4755-A011-68D8871B35AE}.Debug|Any CPU.Build.0 = Debug|Any CPU
		{C90C658E-7CBE-4755-A011-68D8871B35AE}.Release|Any CPU.ActiveCfg = Release|Any CPU
		{C90C658E-7CBE-4755-A011-68D8871B35AE}.Release|Any CPU.Build.0 = Release|Any CPU
	EndGlobalSection
EndGlobal
